
Microsoft Visual Studio Solution File, Format Version 12.00
# Visual Studio Version 17
VisualStudioVersion = 17.8.34525.116
MinimumVisualStudioVersion = 10.0.40219.1
Project("{FAE04EC0-301F-11D3-BF4B-00C04F79EFBC}") = "Otopark", "Otopark\Otopark.csproj", "{4A8E87E8-5C35-4457-82F7-2488703981E0}"
EndProject
Global
	GlobalSection(SolutionConfigurationPlatforms) = preSolution
		Debug|Any CPU = Debug|Any CPU
		Release|Any CPU = Release|Any CPU
	EndGlobalSection
	GlobalSection(ProjectConfigurationPlatforms) = postSolution
		{4A8E87E8-5C35-4457-82F7-2488703981E0}.Debug|Any CPU.ActiveCfg = Debug|Any CPU
		{4A8E87E8-5C35-4457-82F7-2488703981E0}.Debug|Any CPU.Build.0 = Debug|Any CPU
		{4A8E87E8-5C35-4457-82F7-2488703981E0}.Release|Any CPU.ActiveCfg = Release|Any CPU
		{4A8E87E8-5C35-4457-82F7-2488703981E0}.Release|Any CPU.Build.0 = Release|Any CPU
	EndGlobalSection
	GlobalSection(SolutionProperties) = preSolution
		HideSolutionNode = FALSE
	EndGlobalSection
	GlobalSection(ExtensibilityGlobals) = postSolution
		SolutionGuid = {BD5428B6-982C-49CF-92B1-52B1DC8015C1}
	EndGlobalSection
EndGlobal
